
Microsoft Visual Studio Solution File, Format Version 12.00
# Visual Studio Version 16
VisualStudioVersion = 16.0.31515.178
MinimumVisualStudioVersion = 10.0.40219.1
Project("{FAE04EC0-301F-11D3-BF4B-00C04F79EFBC}") = "Onboard-Request-DFunc", "Onboard-Request-DFunc\Onboard-Request-DFunc.csproj", "{B77A98AE-181E-4DA1-AD1F-58756A3324A2}"
EndProject
Project("{FAE04EC0-301F-11D3-BF4B-00C04F79EFBC}") = "Common", "Common\Common.csproj", "{44E31491-371D-411D-96CC-10B0FE9C9F51}"
EndProject
Project("{FAE04EC0-301F-11D3-BF4B-00C04F79EFBC}") = "EnqueueMessage", "EnqueueMessage-New\EnqueueMessage.csproj", "{5DCE6D6F-BA55-4D34-8E7E-6B75464756BF}"
EndProject
Global
	GlobalSection(SolutionConfigurationPlatforms) = preSolution
		Debug|Any CPU = Debug|Any CPU
		Release|Any CPU = Release|Any CPU
	EndGlobalSection
	GlobalSection(ProjectConfigurationPlatforms) = postSolution
		{B77A98AE-181E-4DA1-AD1F-58756A3324A2}.Debug|Any CPU.ActiveCfg = Debug|Any CPU
		{B77A98AE-181E-4DA1-AD1F-58756A3324A2}.Debug|Any CPU.Build.0 = Debug|Any CPU
		{B77A98AE-181E-4DA1-AD1F-58756A3324A2}.Release|Any CPU.ActiveCfg = Release|Any CPU
		{B77A98AE-181E-4DA1-AD1F-58756A3324A2}.Release|Any CPU.Build.0 = Release|Any CPU
		{44E31491-371D-411D-96CC-10B0FE9C9F51}.Debug|Any CPU.ActiveCfg = Debug|Any CPU
		{44E31491-371D-411D-96CC-10B0FE9C9F51}.Debug|Any CPU.Build.0 = Debug|Any CPU
		{44E31491-371D-411D-96CC-10B0FE9C9F51}.Release|Any CPU.ActiveCfg = Release|Any CPU
		{44E31491-371D-411D-96CC-10B0FE9C9F51}.Release|Any CPU.Build.0 = Release|Any CPU
		{5DCE6D6F-BA55-4D34-8E7E-6B75464756BF}.Debug|Any CPU.ActiveCfg = Debug|Any CPU
		{5DCE6D6F-BA55-4D34-8E7E-6B75464756BF}.Debug|Any CPU.Build.0 = Debug|Any CPU
		{5DCE6D6F-BA55-4D34-8E7E-6B75464756BF}.Release|Any CPU.ActiveCfg = Release|Any CPU
		{5DCE6D6F-BA55-4D34-8E7E-6B75464756BF}.Release|Any CPU.Build.0 = Release|Any CPU
	EndGlobalSection
	GlobalSection(SolutionProperties) = preSolution
		HideSolutionNode = FALSE
	EndGlobalSection
	GlobalSection(ExtensibilityGlobals) = postSolution
		SolutionGuid = {F882CAAB-7460-4182-AA3E-8FADA9A77C33}
	EndGlobalSection
EndGlobal
